
Microsoft Visual Studio Solution File, Format Version 12.00
# Visual Studio 2012
Project("{FAE04EC0-301F-11D3-BF4B-00C04F79EFBC}") = "SoftwareAcademy", "SoftwareAcademy.csproj", "{353445C0-D206-4C03-AC09-86D82EFF9C3C}"
EndProject
Project("{FAE04EC0-301F-11D3-BF4B-00C04F79EFBC}") = "Final Academy", "..\Final Academy\Final Academy.csproj", "{3287D5B1-6ED2-457B-B6F1-A10FAE5429DC}"
EndProject
Global
	GlobalSection(SolutionConfigurationPlatforms) = preSolution
		Debug|Any CPU = Debug|Any CPU
		Release|Any CPU = Release|Any CPU
	EndGlobalSection
	GlobalSection(ProjectConfigurationPlatforms) = postSolution
		{353445C0-D206-4C03-AC09-86D82EFF9C3C}.Debug|Any CPU.ActiveCfg = Debug|Any CPU
		{353445C0-D206-4C03-AC09-86D82EFF9C3C}.Debug|Any CPU.Build.0 = Debug|Any CPU
		{353445C0-D206-4C03-AC09-86D82EFF9C3C}.Release|Any CPU.ActiveCfg = Release|Any CPU
		{353445C0-D206-4C03-AC09-86D82EFF9C3C}.Release|Any CPU.Build.0 = Release|Any CPU
		{3287D5B1-6ED2-457B-B6F1-A10FAE5429DC}.Debug|Any CPU.ActiveCfg = Debug|Any CPU
		{3287D5B1-6ED2-457B-B6F1-A10FAE5429DC}.Debug|Any CPU.Build.0 = Debug|Any CPU
		{3287D5B1-6ED2-457B-B6F1-A10FAE5429DC}.Release|Any CPU.ActiveCfg = Release|Any CPU
		{3287D5B1-6ED2-457B-B6F1-A10FAE5429DC}.Release|Any CPU.Build.0 = Release|Any CPU
	EndGlobalSection
	GlobalSection(SolutionProperties) = preSolution
		HideSolutionNode = FALSE
	EndGlobalSection
EndGlobal
